# This file is automatically @generated by Cargo.
# It is not intended for manual editing.
[[package]]
name = "libc"
version = "0.2.109"
source = "registry+https://github.com/rust-lang/crates.io-index"
checksum = "f98a04dce437184842841303488f70d0188c5f51437d2a834dc097eafa909a01"

[[package]]
name = "libc-print"
version = "0.1.16"
dependencies = [
 "libc",
]
